
Microsoft Visual Studio Solution File, Format Version 12.00
# Visual Studio Version 17
VisualStudioVersion = 17.3.32714.290
MinimumVisualStudioVersion = 10.0.40219.1
Project("{FAE04EC0-301F-11D3-BF4B-00C04F79EFBC}") = "BlackOut", "BlackOut\BlackOut.csproj", "{D698405E-9DF2-40DE-BE83-F5E82DBE4588}"
EndProject
Global
	GlobalSection(SolutionConfigurationPlatforms) = preSolution
		Debug|Any CPU = Debug|Any CPU
		Release|Any CPU = Release|Any CPU
	EndGlobalSection
	GlobalSection(ProjectConfigurationPlatforms) = postSolution
		{D698405E-9DF2-40DE-BE83-F5E82DBE4588}.Debug|Any CPU.ActiveCfg = Debug|Any CPU
		{D698405E-9DF2-40DE-BE83-F5E82DBE4588}.Debug|Any CPU.Build.0 = Debug|Any CPU
		{D698405E-9DF2-40DE-BE83-F5E82DBE4588}.Release|Any CPU.ActiveCfg = Release|Any CPU
		{D698405E-9DF2-40DE-BE83-F5E82DBE4588}.Release|Any CPU.Build.0 = Release|Any CPU
	EndGlobalSection
	GlobalSection(SolutionProperties) = preSolution
		HideSolutionNode = FALSE
	EndGlobalSection
	GlobalSection(ExtensibilityGlobals) = postSolution
		SolutionGuid = {FF99E320-FB0A-4964-90BF-38E2E284E0F4}
	EndGlobalSection
EndGlobal
